
Microsoft Visual Studio Solution File, Format Version 12.00
# Visual Studio Version 16
VisualStudioVersion = 16.0.31613.86
MinimumVisualStudioVersion = 10.0.40219.1
Project("{FAE04EC0-301F-11D3-BF4B-00C04F79EFBC}") = "vs-2019-github-user-experience", "vs-2019-github-user-experience.csproj", "{57810923-6B54-419B-BE43-A545E5559E96}"
EndProject
Global
	GlobalSection(SolutionConfigurationPlatforms) = preSolution
		Debug|Any CPU = Debug|Any CPU
		Release|Any CPU = Release|Any CPU
	EndGlobalSection
	GlobalSection(ProjectConfigurationPlatforms) = postSolution
		{57810923-6B54-419B-BE43-A545E5559E96}.Debug|Any CPU.ActiveCfg = Debug|Any CPU
		{57810923-6B54-419B-BE43-A545E5559E96}.Debug|Any CPU.Build.0 = Debug|Any CPU
		{57810923-6B54-419B-BE43-A545E5559E96}.Release|Any CPU.ActiveCfg = Release|Any CPU
		{57810923-6B54-419B-BE43-A545E5559E96}.Release|Any CPU.Build.0 = Release|Any CPU
	EndGlobalSection
	GlobalSection(SolutionProperties) = preSolution
		HideSolutionNode = FALSE
	EndGlobalSection
	GlobalSection(ExtensibilityGlobals) = postSolution
		SolutionGuid = {611C7911-64CF-4CA0-9D24-A38DE199C872}
	EndGlobalSection
EndGlobal
